
Microsoft Visual Studio Solution File, Format Version 12.00
# Visual Studio Version 17
VisualStudioVersion = 17.5.001.0
MinimumVisualStudioVersion = 10.0.40219.1
Project("{9A19103F-16F7-4668-BE54-9A1E7A4F7556}") = "movie-app", "movie-app.csproj", "{22E24D2E-0475-4573-AA37-B21F93A4D823}"
EndProject
Global
	GlobalSection(SolutionConfigurationPlatforms) = preSolution
		Debug|Any CPU = Debug|Any CPU
		Release|Any CPU = Release|Any CPU
	EndGlobalSection
	GlobalSection(ProjectConfigurationPlatforms) = postSolution
		{22E24D2E-0475-4573-AA37-B21F93A4D823}.Debug|Any CPU.ActiveCfg = Debug|Any CPU
		{22E24D2E-0475-4573-AA37-B21F93A4D823}.Debug|Any CPU.Build.0 = Debug|Any CPU
		{22E24D2E-0475-4573-AA37-B21F93A4D823}.Release|Any CPU.ActiveCfg = Release|Any CPU
		{22E24D2E-0475-4573-AA37-B21F93A4D823}.Release|Any CPU.Build.0 = Release|Any CPU
	EndGlobalSection
	GlobalSection(SolutionProperties) = preSolution
		HideSolutionNode = FALSE
	EndGlobalSection
	GlobalSection(ExtensibilityGlobals) = postSolution
		SolutionGuid = {F29F7013-4724-43B6-B3DA-6D44FD42960C}
	EndGlobalSection
EndGlobal
